
Microsoft Visual Studio Solution File, Format Version 12.00
Project("{FAE04EC0-301F-11D3-BF4B-00C04F79EFBC}") = "Connor.Api", "Connor.Api\Connor.Api.csproj", "{36129E5B-DE2B-417C-8EA9-56D4C5B2E7B9}"
EndProject
Project("{2150E333-8FDC-42A3-9474-1A3956D46DE8}") = "Solution Items", "Solution Items", "{D2794F00-12C8-4047-B9FD-9E7044DB58BF}"
	ProjectSection(SolutionItems) = preProject
		docker-compose.yml = docker-compose.yml
	EndProjectSection
EndProject
Global
	GlobalSection(SolutionConfigurationPlatforms) = preSolution
		Debug|Any CPU = Debug|Any CPU
		Release|Any CPU = Release|Any CPU
	EndGlobalSection
	GlobalSection(ProjectConfigurationPlatforms) = postSolution
		{36129E5B-DE2B-417C-8EA9-56D4C5B2E7B9}.Debug|Any CPU.ActiveCfg = Debug|Any CPU
		{36129E5B-DE2B-417C-8EA9-56D4C5B2E7B9}.Debug|Any CPU.Build.0 = Debug|Any CPU
		{36129E5B-DE2B-417C-8EA9-56D4C5B2E7B9}.Release|Any CPU.ActiveCfg = Release|Any CPU
		{36129E5B-DE2B-417C-8EA9-56D4C5B2E7B9}.Release|Any CPU.Build.0 = Release|Any CPU
	EndGlobalSection
EndGlobal
